PODS:
  - FSNetworking (0.0.1)
  - FSNetworkingSearchController (0.1.6):
    - FSNetworking (~> 0.0)

DEPENDENCIES:
  - FSNetworkingSearchController (from `../`)

EXTERNAL SOURCES:
  FSNetworkingSearchController:
    :path: "../"

SPEC CHECKSUMS:
  FSNetworking: 596048151bffc5917b2bcfa3a840624f49e309fa
  FSNetworkingSearchController: 2d5abca721c0d3e01b4174561210232456dbf164

COCOAPODS: 0.37.1
